
Microsoft Visual Studio Solution File, Format Version 12.00
# Visual Studio 15
VisualStudioVersion = 15.0.27130.2010
MinimumVisualStudioVersion = 10.0.40219.1
Project("{9A19103F-16F7-4668-BE54-9A1E7A4F7556}") = "B2C", "B2C\B2C.csproj", "{70DE532E-78A7-4A31-AD18-21422F1F9974}"
EndProject
Global
	GlobalSection(SolutionConfigurationPlatforms) = preSolution
		Debug|Any CPU = Debug|Any CPU
		Release|Any CPU = Release|Any CPU
	EndGlobalSection
	GlobalSection(ProjectConfigurationPlatforms) = postSolution
		{70DE532E-78A7-4A31-AD18-21422F1F9974}.Debug|Any CPU.ActiveCfg = Debug|Any CPU
		{70DE532E-78A7-4A31-AD18-21422F1F9974}.Debug|Any CPU.Build.0 = Debug|Any CPU
		{70DE532E-78A7-4A31-AD18-21422F1F9974}.Release|Any CPU.ActiveCfg = Release|Any CPU
		{70DE532E-78A7-4A31-AD18-21422F1F9974}.Release|Any CPU.Build.0 = Release|Any CPU
	EndGlobalSection
	GlobalSection(SolutionProperties) = preSolution
		HideSolutionNode = FALSE
	EndGlobalSection
	GlobalSection(ExtensibilityGlobals) = postSolution
		SolutionGuid = {173925A0-D2BD-448F-AE75-F78A1F04C93E}
	EndGlobalSection
EndGlobal
